
Microsoft Visual Studio Solution File, Format Version 12.00
# Visual Studio Version 17
VisualStudioVersion = 17.8.34408.163
MinimumVisualStudioVersion = 10.0.40219.1
Project("{9A19103F-16F7-4668-BE54-9A1E7A4F7556}") = "TGSNG.API", "src\TGSNG.API\TGSNG.API.csproj", "{4041CD16-C3E1-464E-AF4F-2FE7B6A59445}"
EndProject
Project("{9A19103F-16F7-4668-BE54-9A1E7A4F7556}") = "TGSNG.Client", "src\TGSNG.Client\TGSNG.Client.csproj", "{A613C3D8-20AB-4533-AFBD-B3AB7A723EE7}"
EndProject
Project("{2150E333-8FDC-42A3-9474-1A3956D46DE8}") = "0 - API & Front", "0 - API & Front", "{71C0D3E1-AE21-488F-A973-38182A983798}"
EndProject
Project("{9A19103F-16F7-4668-BE54-9A1E7A4F7556}") = "TGSNG.DataAccess", "src\TGSNG.DataAccess\TGSNG.DataAccess.csproj", "{A97D7E16-6ED0-402A-8948-5719A43AD1EA}"
EndProject
Project("{9A19103F-16F7-4668-BE54-9A1E7A4F7556}") = "TGSNG.Abstractions", "src\TGSNG.Abstractions\TGSNG.Abstractions.csproj", "{B9E440B8-A186-4C85-B1FB-9223005D153F}"
EndProject
Project("{2150E333-8FDC-42A3-9474-1A3956D46DE8}") = "1 - Data & Services", "1 - Data & Services", "{86BDAD6A-54A9-4AB8-B964-F06C17B0CA04}"
EndProject
Project("{2150E333-8FDC-42A3-9474-1A3956D46DE8}") = "3 - Base", "3 - Base", "{CA479B39-A378-4A15-9C02-B70F0B066B25}"
EndProject
Project("{9A19103F-16F7-4668-BE54-9A1E7A4F7556}") = "TGSNG.Domain", "src\TGSNG.Domain\TGSNG.Domain.csproj", "{7BB75CF4-6F52-44F3-B00C-91D80869DB05}"
EndProject
Project("{9A19103F-16F7-4668-BE54-9A1E7A4F7556}") = "TGSNG.Shared", "src\TGSNG.Shared\TGSNG.Shared.csproj", "{8C8641C7-BF61-4032-A942-093E613273FE}"
EndProject
Global
	GlobalSection(SolutionConfigurationPlatforms) = preSolution
		Debug|Any CPU = Debug|Any CPU
		Release|Any CPU = Release|Any CPU
	EndGlobalSection
	GlobalSection(ProjectConfigurationPlatforms) = postSolution
		{4041CD16-C3E1-464E-AF4F-2FE7B6A59445}.Debug|Any CPU.ActiveCfg = Debug|Any CPU
		{4041CD16-C3E1-464E-AF4F-2FE7B6A59445}.Debug|Any CPU.Build.0 = Debug|Any CPU
		{4041CD16-C3E1-464E-AF4F-2FE7B6A59445}.Release|Any CPU.ActiveCfg = Release|Any CPU
		{4041CD16-C3E1-464E-AF4F-2FE7B6A59445}.Release|Any CPU.Build.0 = Release|Any CPU
		{A613C3D8-20AB-4533-AFBD-B3AB7A723EE7}.Debug|Any CPU.ActiveCfg = Debug|Any CPU
		{A613C3D8-20AB-4533-AFBD-B3AB7A723EE7}.Debug|Any CPU.Build.0 = Debug|Any CPU
		{A613C3D8-20AB-4533-AFBD-B3AB7A723EE7}.Release|Any CPU.ActiveCfg = Release|Any CPU
		{A613C3D8-20AB-4533-AFBD-B3AB7A723EE7}.Release|Any CPU.Build.0 = Release|Any CPU
		{A97D7E16-6ED0-402A-8948-5719A43AD1EA}.Debug|Any CPU.ActiveCfg = Debug|Any CPU
		{A97D7E16-6ED0-402A-8948-5719A43AD1EA}.Debug|Any CPU.Build.0 = Debug|Any CPU
		{A97D7E16-6ED0-402A-8948-5719A43AD1EA}.Release|Any CPU.ActiveCfg = Release|Any CPU
		{A97D7E16-6ED0-402A-8948-5719A43AD1EA}.Release|Any CPU.Build.0 = Release|Any CPU
		{B9E440B8-A186-4C85-B1FB-9223005D153F}.Debug|Any CPU.ActiveCfg = Debug|Any CPU
		{B9E440B8-A186-4C85-B1FB-9223005D153F}.Debug|Any CPU.Build.0 = Debug|Any CPU
		{B9E440B8-A186-4C85-B1FB-9223005D153F}.Release|Any CPU.ActiveCfg = Release|Any CPU
		{B9E440B8-A186-4C85-B1FB-9223005D153F}.Release|Any CPU.Build.0 = Release|Any CPU
		{7BB75CF4-6F52-44F3-B00C-91D80869DB05}.Debug|Any CPU.ActiveCfg = Debug|Any CPU
		{7BB75CF4-6F52-44F3-B00C-91D80869DB05}.Debug|Any CPU.Build.0 = Debug|Any CPU
		{7BB75CF4-6F52-44F3-B00C-91D80869DB05}.Release|Any CPU.ActiveCfg = Release|Any CPU
		{7BB75CF4-6F52-44F3-B00C-91D80869DB05}.Release|Any CPU.Build.0 = Release|Any CPU
		{8C8641C7-BF61-4032-A942-093E613273FE}.Debug|Any CPU.ActiveCfg = Debug|Any CPU
		{8C8641C7-BF61-4032-A942-093E613273FE}.Debug|Any CPU.Build.0 = Debug|Any CPU
		{8C8641C7-BF61-4032-A942-093E613273FE}.Release|Any CPU.ActiveCfg = Release|Any CPU
		{8C8641C7-BF61-4032-A942-093E613273FE}.Release|Any CPU.Build.0 = Release|Any CPU
	EndGlobalSection
	GlobalSection(SolutionProperties) = preSolution
		HideSolutionNode = FALSE
	EndGlobalSection
	GlobalSection(NestedProjects) = preSolution
		{4041CD16-C3E1-464E-AF4F-2FE7B6A59445} = {71C0D3E1-AE21-488F-A973-38182A983798}
		{A613C3D8-20AB-4533-AFBD-B3AB7A723EE7} = {71C0D3E1-AE21-488F-A973-38182A983798}
		{A97D7E16-6ED0-402A-8948-5719A43AD1EA} = {86BDAD6A-54A9-4AB8-B964-F06C17B0CA04}
		{B9E440B8-A186-4C85-B1FB-9223005D153F} = {CA479B39-A378-4A15-9C02-B70F0B066B25}
		{7BB75CF4-6F52-44F3-B00C-91D80869DB05} = {86BDAD6A-54A9-4AB8-B964-F06C17B0CA04}
		{8C8641C7-BF61-4032-A942-093E613273FE} = {71C0D3E1-AE21-488F-A973-38182A983798}
	EndGlobalSection
	GlobalSection(ExtensibilityGlobals) = postSolution
		SolutionGuid = {EDFE1B49-1803-46A3-877C-7636F19A8F59}
	EndGlobalSection
EndGlobal
